Microsoft Visual Studio Solution File, Format Version 12.00
# Visual Studio Version 17
VisualStudioVersion = 17.5.2.0
MinimumVisualStudioVersion = 10.0.40219.1
Project("{FAE04EC0-301F-11D3-BF4B-00C04F79EFBC}") = "sysprog-1", "sysprog-1.csproj", "{74DDACDA-1F5B-E81C-D2A2-519CB0760AE0}"
EndProject
Global
	GlobalSection(SolutionConfigurationPlatforms) = preSolution
		Debug|Any CPU = Debug|Any CPU
		Release|Any CPU = Release|Any CPU
	EndGlobalSection
	GlobalSection(ProjectConfigurationPlatforms) = postSolution
		{74DDACDA-1F5B-E81C-D2A2-519CB0760AE0}.Debug|Any CPU.ActiveCfg = Debug|Any CPU
		{74DDACDA-1F5B-E81C-D2A2-519CB0760AE0}.Debug|Any CPU.Build.0 = Debug|Any CPU
		{74DDACDA-1F5B-E81C-D2A2-519CB0760AE0}.Release|Any CPU.ActiveCfg = Release|Any CPU
		{74DDACDA-1F5B-E81C-D2A2-519CB0760AE0}.Release|Any CPU.Build.0 = Release|Any CPU
	EndGlobalSection
	GlobalSection(SolutionProperties) = preSolution
		HideSolutionNode = FALSE
	EndGlobalSection
	GlobalSection(ExtensibilityGlobals) = postSolution
		SolutionGuid = {AA5FF2F2-D5C5-41D0-ADA0-B29EA99458A8}
	EndGlobalSection
EndGlobal
